
Microsoft Visual Studio Solution File, Format Version 12.00
# Visual Studio Version 17
VisualStudioVersion = 17.11.35303.130
MinimumVisualStudioVersion = 10.0.40219.1
Project("{8BC9CEB8-8B4A-11D0-8D11-00A0C91BC942}") = "ToDoList", "ToDoList\ToDoList.vcxproj", "{B8839855-3274-4F8A-92E6-640BFABA2092}"
EndProject
Global
	GlobalSection(SolutionConfigurationPlatforms) = preSolution
		Debug|x64 = Debug|x64
		Debug|x86 = Debug|x86
		Release|x64 = Release|x64
		Release|x86 = Release|x86
	EndGlobalSection
	GlobalSection(ProjectConfigurationPlatforms) = postSolution
		{B8839855-3274-4F8A-92E6-640BFABA2092}.Debug|x64.ActiveCfg = Debug|x64
		{B8839855-3274-4F8A-92E6-640BFABA2092}.Debug|x64.Build.0 = Debug|x64
		{B8839855-3274-4F8A-92E6-640BFABA2092}.Debug|x86.ActiveCfg = Debug|Win32
		{B8839855-3274-4F8A-92E6-640BFABA2092}.Debug|x86.Build.0 = Debug|Win32
		{B8839855-3274-4F8A-92E6-640BFABA2092}.Release|x64.ActiveCfg = Release|x64
		{B8839855-3274-4F8A-92E6-640BFABA2092}.Release|x64.Build.0 = Release|x64
		{B8839855-3274-4F8A-92E6-640BFABA2092}.Release|x86.ActiveCfg = Release|Win32
		{B8839855-3274-4F8A-92E6-640BFABA2092}.Release|x86.Build.0 = Release|Win32
	EndGlobalSection
	GlobalSection(SolutionProperties) = preSolution
		HideSolutionNode = FALSE
	EndGlobalSection
	GlobalSection(ExtensibilityGlobals) = postSolution
		SolutionGuid = {DD229E18-B921-4AD9-92E6-4B6F5B8924CB}
	EndGlobalSection
EndGlobal
